{
  "nodes": {
    "adblock-rust": {
      "flake": false,
      "locked": {
        "lastModified": 1772848244,
        "narHash": "sha256-kTAyzeM+98fWtrlKw+p+kTPtyUUl8/EaL8e9qxX3ndE=",
        "ref": "refs/heads/master",
        "rev": "73ea48b3c88099daf51316c743a9b6699fc13aca",
        "shallow": true,
        "type": "git",
        "url": "https://github.com/brave/adblock-rust"
      },
      "original": {
        "shallow": true,
        "type": "git",
        "url": "https://github.com/brave/adblock-rust"
      }
    },
    "bindings-onix": {
      "inputs": {
        "nixpkgs": [
          "nixpkgs"
        ]
      },
      "locked": {
        "lastModified": 1772806841,
        "narHash": "sha256-i28P8IPpG8xTsX9rRIqgK1/Z4Cw52JmTmrSGKmjqWfY=",
        "path": "/data/Browser/Bindings-Onix",
        "type": "path"
      },
      "original": {
        "path": "/data/Browser/Bindings-Onix",
        "type": "path"
      }
    },
    "display-onix": {
      "locked": {
        "lastModified": 1772806930,
        "narHash": "sha256-TRoKu9zZy9kVYI6il1zdJnOJNnxkQ10nY+6NQ07EJaY=",
        "path": "/data/Browser/Display-Onix",
        "type": "path"
      },
      "original": {
        "path": "/data/Browser/Display-Onix",
        "type": "path"
      }
    },
    "edge-onix": {
      "locked": {
        "lastModified": 1772747178,
        "narHash": "sha256-L325RDlhB5q2Ukadgrw2zj56RmOnzJtB3h442sa7UNk=",
        "path": "/data/Browser/Edge-Onix",
        "type": "path"
      },
      "original": {
        "path": "/data/Browser/Edge-Onix",
        "type": "path"
      }
    },
    "font-onix": {
      "locked": {
        "lastModified": 1772747091,
        "narHash": "sha256-A76FVnH3NzeMHEg+Hpj4R7SOInYjr30rVMQytLVqyPw=",
        "path": "/data/Browser/Font-Onix",
        "type": "path"
      },
      "original": {
        "path": "/data/Browser/Font-Onix",
        "type": "path"
      }
    },
    "gstreamer-src": {
      "flake": false,
      "locked": {
        "lastModified": 1772071779,
        "narHash": "sha256-O/u4KBJGXXYc0dMZo5D8fwai3r7ISE7WsNzO+T2qrKI=",
        "ref": "refs/tags/1.28.1",
        "rev": "dcb37e20147e3b59344bab1e1cbb57e908cc6b92",
        "shallow": true,
        "type": "git",
        "url": "https://gitlab.freedesktop.org/gstreamer/gstreamer.git"
      },
      "original": {
        "ref": "refs/tags/1.28.1",
        "shallow": true,
        "type": "git",
        "url": "https://gitlab.freedesktop.org/gstreamer/gstreamer.git"
      }
    },
    "lvgl-onix": {
      "inputs": {
        "lvgl-src": "lvgl-src",
        "nixpkgs": [
          "nixpkgs"
        ]
      },
      "locked": {
        "lastModified": 1772823554,
        "narHash": "sha256-WDUCSWQKkyM5kquD3qpmJ11Sjgn7ZAgu9MQ9YfmpUfg=",
        "path": "/data/Browser/LVGL-Onix",
        "type": "path"
      },
      "original": {
        "path": "/data/Browser/LVGL-Onix",
        "type": "path"
      }
    },
    "lvgl-src": {
      "flake": false,
      "locked": {
        "lastModified": 1771430977,
        "narHash": "sha256-U5Pbm1xrDhkqwSkKT6eMWbGh0UB/yHaLqYhiibPFJaI=",
        "ref": "refs/tags/v9.5.0",
        "rev": "85aa60d18b3d5e5588d7b247abf90198f07c8a63",
        "shallow": true,
        "type": "git",
        "url": "https://github.com/lvgl/lvgl"
      },
      "original": {
        "ref": "refs/tags/v9.5.0",
        "shallow": true,
        "type": "git",
        "url": "https://github.com/lvgl/lvgl"
      }
    },
    "nixpkgs": {
      "locked": {
        "lastModified": 1772624091,
        "narHash": "sha256-QKyJ0QGWBn6r0invrMAK8dmJoBYWoOWy7lN+UHzW1jc=",
        "owner": "NixOS",
        "repo": "nixpkgs",
        "rev": "80bdc1e5ce51f56b19791b52b2901187931f5353",
        "type": "github"
      },
      "original": {
        "owner": "NixOS",
        "ref": "nixos-unstable",
        "repo": "nixpkgs",
        "type": "github"
      }
    },
    "root": {
      "inputs": {
        "adblock-rust": "adblock-rust",
        "bindings-onix": "bindings-onix",
        "display-onix": "display-onix",
        "edge-onix": "edge-onix",
        "font-onix": "font-onix",
        "gstreamer-src": "gstreamer-src",
        "lvgl-onix": "lvgl-onix",
        "nixpkgs": "nixpkgs",
        "theme-onix": "theme-onix",
        "translation-models": "translation-models",
        "translations": "translations",
        "uassets": "uassets",
        "ublock": "ublock",
        "webkit": "webkit"
      }
    },
    "theme-onix": {
      "locked": {
        "lastModified": 1772816354,
        "narHash": "sha256-D6PXAdqWbW3vwB3I4wRuQkF+j2wnP4X6rNf2GZ3oGkg=",
        "path": "/data/Browser/Theme-Onix",
        "type": "path"
      },
      "original": {
        "path": "/data/Browser/Theme-Onix",
        "type": "path"
      }
    },
    "translation-models": {
      "flake": false,
      "locked": {
        "narHash": "sha256-6dVa+G2pJ6Ujm4LfDTfD3co5iG8Xnpm6Ff1iWp5wQAQ=",
        "type": "file",
        "url": "https://firefox.settings.services.mozilla.com/v1/buckets/main/collections/translations-models/records"
      },
      "original": {
        "type": "file",
        "url": "https://firefox.settings.services.mozilla.com/v1/buckets/main/collections/translations-models/records"
      }
    },
    "translations": {
      "flake": false,
      "locked": {
        "lastModified": 1771525531,
        "narHash": "sha256-dEVeRZyeFKXerUFqXbyAgHwn1mhlyDiyRbH7vvVn46k=",
        "ref": "refs/heads/main",
        "rev": "29389c687d1668e898b4b7dc3ca5a793aac75660",
        "revCount": 508,
        "submodules": true,
        "type": "git",
        "url": "file:///data/Browser/translations"
      },
      "original": {
        "submodules": true,
        "type": "git",
        "url": "file:///data/Browser/translations"
      }
    },
    "uassets": {
      "flake": false,
      "locked": {
        "lastModified": 1772748109,
        "narHash": "sha256-J1J5CqWb5yCXT05v5ucBcscVkBrR47eLG+vRUOmOqmU=",
        "ref": "refs/heads/master",
        "rev": "526136a7a81e6cd229be100d4e591a9302d32311",
        "shallow": true,
        "type": "git",
        "url": "https://github.com/uBlockOrigin/uAssets"
      },
      "original": {
        "shallow": true,
        "type": "git",
        "url": "https://github.com/uBlockOrigin/uAssets"
      }
    },
    "ublock": {
      "flake": false,
      "locked": {
        "lastModified": 1771941557,
        "narHash": "sha256-DdzPyhzo3Yvk0O3abP1VDVeS+6xGJl/dpCAlIYQVySA=",
        "ref": "refs/heads/master",
        "rev": "8f544e53bcfeb444677d6497ce186af7663efb58",
        "shallow": true,
        "type": "git",
        "url": "https://github.com/gorhill/uBlock"
      },
      "original": {
        "shallow": true,
        "type": "git",
        "url": "https://github.com/gorhill/uBlock"
      }
    },
    "webkit": {
      "flake": false,
      "locked": {
        "lastModified": 1772852696,
        "narHash": "sha256-1D2zMqEpvfMLMc54DKT/rQQQ8FboWVopQyUS8jhfbFk=",
        "ref": "refs/heads/main",
        "rev": "a1e43a5ceda2524bfc9bbae8b13114348527b0ce",
        "shallow": true,
        "type": "git",
        "url": "https://github.com/WebKit/WebKit"
      },
      "original": {
        "shallow": true,
        "type": "git",
        "url": "https://github.com/WebKit/WebKit"
      }
    }
  },
  "root": "root",
  "version": 7
}
