{
  "nodes": {
    "adblock-rust": {
      "flake": false,
      "locked": {
        "lastModified": 1771942390,
        "narHash": "sha256-5av9aS2P4lYgbIzZbvQ009WNFi2OIjHY8xWrEoxIQDU=",
        "path": "/data/Browser/adblock-rust",
        "type": "path"
      },
      "original": {
        "path": "/data/Browser/adblock-rust",
        "type": "path"
      }
    },
    "bindings-onix": {
      "inputs": {
        "nixpkgs": [
          "nixpkgs"
        ]
      },
      "locked": {
        "lastModified": 1771591574,
        "narHash": "sha256-i6H2MCkiNPqDtGNqwZbvH1mllcihMmA0F1d22Or0+7I=",
        "path": "/data/Browser/Bindings-Onix",
        "type": "path"
      },
      "original": {
        "path": "/data/Browser/Bindings-Onix",
        "type": "path"
      }
    },
    "display-onix": {
      "locked": {
        "lastModified": 1771936085,
        "narHash": "sha256-tN3fTCF6u0XVEB6Fsy0ivKtor0445b0pWAws7UcUeu8=",
        "path": "/data/Browser/Display-Onix",
        "type": "path"
      },
      "original": {
        "path": "/data/Browser/Display-Onix",
        "type": "path"
      }
    },
    "easylist": {
      "flake": false,
      "locked": {
        "narHash": "sha256-TzlcUsDI2A7PKHcOaMp29DQjasxChfMP4io7tcXa3Do=",
        "type": "file",
        "url": "https://easylist.to/easylist/easylist.txt"
      },
      "original": {
        "type": "file",
        "url": "https://easylist.to/easylist/easylist.txt"
      }
    },
    "edge-onix": {
      "locked": {
        "lastModified": 1771779284,
        "narHash": "sha256-0aVUrmzlVZKrkRFotHi6ekTHY1l+rTvLd87wVdMd+LQ=",
        "path": "/data/Browser/Edge-Onix",
        "type": "path"
      },
      "original": {
        "path": "/data/Browser/Edge-Onix",
        "type": "path"
      }
    },
    "font-onix": {
      "locked": {
        "lastModified": 1771265807,
        "narHash": "sha256-pbelrrZYqKNkJZJ/bCHtWajN4VYdGa2KTWAxU5/Lp1A=",
        "path": "/data/Browser/Font-Onix",
        "type": "path"
      },
      "original": {
        "path": "/data/Browser/Font-Onix",
        "type": "path"
      }
    },
    "lvgl-onix": {
      "inputs": {
        "lvgl-src": "lvgl-src",
        "nixpkgs": [
          "nixpkgs"
        ]
      },
      "locked": {
        "lastModified": 1771784623,
        "narHash": "sha256-Tp7GPhV3IlIIKlmq4UxDFELhEYAPzjr9iv1nq4FHZZE=",
        "path": "/data/Browser/LVGL-Onix",
        "type": "path"
      },
      "original": {
        "path": "/data/Browser/LVGL-Onix",
        "type": "path"
      }
    },
    "lvgl-src": {
      "flake": false,
      "locked": {
        "lastModified": 1770060314,
        "narHash": "sha256-mybZ1/xsIGNy3FzENbOPClTEJtNPoZ8ZhSj32EF8iww=",
        "ref": "refs/heads/master",
        "rev": "d6065bf94a279a9355f25e8404e5c39d93854ee5",
        "shallow": true,
        "type": "git",
        "url": "https://github.com/lvgl/lvgl"
      },
      "original": {
        "shallow": true,
        "type": "git",
        "url": "https://github.com/lvgl/lvgl"
      }
    },
    "nixpkgs": {
      "locked": {
        "lastModified": 1769789167,
        "narHash": "sha256-kKB3bqYJU5nzYeIROI82Ef9VtTbu4uA3YydSk/Bioa8=",
        "owner": "NixOS",
        "repo": "nixpkgs",
        "rev": "62c8382960464ceb98ea593cb8321a2cf8f9e3e5",
        "type": "github"
      },
      "original": {
        "owner": "NixOS",
        "ref": "nixos-unstable",
        "repo": "nixpkgs",
        "type": "github"
      }
    },
    "root": {
      "inputs": {
        "adblock-rust": "adblock-rust",
        "bindings-onix": "bindings-onix",
        "display-onix": "display-onix",
        "easylist": "easylist",
        "edge-onix": "edge-onix",
        "font-onix": "font-onix",
        "lvgl-onix": "lvgl-onix",
        "nixpkgs": "nixpkgs",
        "theme-onix": "theme-onix",
        "webkit": "webkit"
      }
    },
    "theme-onix": {
      "locked": {
        "lastModified": 1771619686,
        "narHash": "sha256-MXudYlIAAe3u/D5WzcICGVSES25iLBgaDcoPDWAq3y8=",
        "path": "/data/Browser/Theme-Onix",
        "type": "path"
      },
      "original": {
        "path": "/data/Browser/Theme-Onix",
        "type": "path"
      }
    },
    "webkit": {
      "flake": false,
      "locked": {
        "lastModified": 1770046698,
        "narHash": "sha256-LQl3R5WqRgyhHfjxE380yqiUeR7yDZUFLjeoMLgFxa8=",
        "ref": "refs/heads/main",
        "rev": "a9689a78cb4c05b6902ceaa39f6797bba727f136",
        "shallow": true,
        "type": "git",
        "url": "https://github.com/WebKit/WebKit"
      },
      "original": {
        "shallow": true,
        "type": "git",
        "url": "https://github.com/WebKit/WebKit"
      }
    }
  },
  "root": "root",
  "version": 7
}
