{
  "nodes": {
    "bindings-onix": {
      "inputs": {
        "nixpkgs": [
          "nixpkgs"
        ]
      },
      "locked": {
        "lastModified": 1771591574,
        "narHash": "sha256-i6H2MCkiNPqDtGNqwZbvH1mllcihMmA0F1d22Or0+7I=",
        "path": "/data/Browser/Bindings-Onix",
        "type": "path"
      },
      "original": {
        "path": "/data/Browser/Bindings-Onix",
        "type": "path"
      }
    },
    "display-onix": {
      "locked": {
        "lastModified": 1771586578,
        "narHash": "sha256-Dj+59EpEI/GMLsEXAwbWZC5MhCMcUp1ifLhRQUNk5xs=",
        "path": "/data/Browser/Display-Onix",
        "type": "path"
      },
      "original": {
        "path": "/data/Browser/Display-Onix",
        "type": "path"
      }
    },
    "lvgl-onix": {
      "inputs": {
        "lvgl-src": "lvgl-src",
        "nixpkgs": [
          "nixpkgs"
        ]
      },
      "locked": {
        "lastModified": 1771630668,
        "narHash": "sha256-azFcpJsW97rc8G0ds4pGzM2DKmIsnx2fyHDEfo9uefY=",
        "path": "/data/Browser/LVGL-Onix",
        "type": "path"
      },
      "original": {
        "path": "/data/Browser/LVGL-Onix",
        "type": "path"
      }
    },
    "lvgl-src": {
      "flake": false,
      "locked": {
        "lastModified": 1770060314,
        "narHash": "sha256-mybZ1/xsIGNy3FzENbOPClTEJtNPoZ8ZhSj32EF8iww=",
        "ref": "refs/heads/master",
        "rev": "d6065bf94a279a9355f25e8404e5c39d93854ee5",
        "shallow": true,
        "type": "git",
        "url": "https://github.com/lvgl/lvgl"
      },
      "original": {
        "shallow": true,
        "type": "git",
        "url": "https://github.com/lvgl/lvgl"
      }
    },
    "nixpkgs": {
      "locked": {
        "lastModified": 1769789167,
        "narHash": "sha256-kKB3bqYJU5nzYeIROI82Ef9VtTbu4uA3YydSk/Bioa8=",
        "owner": "NixOS",
        "repo": "nixpkgs",
        "rev": "62c8382960464ceb98ea593cb8321a2cf8f9e3e5",
        "type": "github"
      },
      "original": {
        "owner": "NixOS",
        "ref": "nixos-unstable",
        "repo": "nixpkgs",
        "type": "github"
      }
    },
    "root": {
      "inputs": {
        "bindings-onix": "bindings-onix",
        "display-onix": "display-onix",
        "lvgl-onix": "lvgl-onix",
        "nixpkgs": "nixpkgs",
        "theme-onix": "theme-onix",
        "webkit": "webkit"
      }
    },
    "theme-onix": {
      "locked": {
        "lastModified": 1771619686,
        "narHash": "sha256-MXudYlIAAe3u/D5WzcICGVSES25iLBgaDcoPDWAq3y8=",
        "path": "/data/Browser/Theme-Onix",
        "type": "path"
      },
      "original": {
        "path": "/data/Browser/Theme-Onix",
        "type": "path"
      }
    },
    "webkit": {
      "flake": false,
      "locked": {
        "lastModified": 1770046698,
        "narHash": "sha256-LQl3R5WqRgyhHfjxE380yqiUeR7yDZUFLjeoMLgFxa8=",
        "ref": "refs/heads/main",
        "rev": "a9689a78cb4c05b6902ceaa39f6797bba727f136",
        "shallow": true,
        "type": "git",
        "url": "https://github.com/WebKit/WebKit"
      },
      "original": {
        "shallow": true,
        "type": "git",
        "url": "https://github.com/WebKit/WebKit"
      }
    }
  },
  "root": "root",
  "version": 7
}
